version = 1
revision = 2
requires-python = ">=3.12"

[[package]]
name = "gmqtt"
version = "0.7.0"
source = { registry = "https://pypi.org/simple" }
sdist = { url = "https://files.pythonhosted.org/packages/21/70/73ec54da16079da319b035af48b908204f9629ecd1187720d11799ac35d8/gmqtt-0.7.0.tar.gz", hash = "sha256:bedfec7bac26b6b4ce1f0c4c32cff3d663526a54c882d323d41560fc3b9b44a2", size = 27663, upload-time = "2024-11-22T13:13:48.679Z" }
wheels = [
    { url = "https://files.pythonhosted.org/packages/3e/2f/63922e256799a74b0e1fb1c12e98dc435edf1ddaa7e31eaadc60cbd16593/gmqtt-0.7.0-py3-none-any.whl", hash = "sha256:3e5571a20e9c115d83d600caa228b06f716087653e241035e29cec73277b52cc", size = 30688, upload-time = "2024-11-22T13:13:46.479Z" },
]

[[package]]
name = "pymodbus"
version = "3.11.3"
source = { registry = "https://pypi.org/simple" }
sdist = { url = "https://files.pythonhosted.org/packages/2e/3b/599f812b03147f1eee357f0eb62f1753ff5bfc099da9aced63ecf6f32560/pymodbus-3.11.3.tar.gz", hash = "sha256:10c2902838ad5a233baefb64b1c1fb064fa762b22b221bf35191bf39f01449a8", size = 162906, upload-time = "2025-09-25T13:06:51.729Z" }
wheels = [
    { url = "https://files.pythonhosted.org/packages/48/be/65c44a34dd9ac38104819a6182ac9df55dd10b9505ef1dc2ea1d46cb2cbb/pymodbus-3.11.3-py3-none-any.whl", hash = "sha256:fcb84f3389325fc37a644229abf1f31f6704a86265ff3f5ad6ec550c2f243aa1", size = 164377, upload-time = "2025-09-25T13:06:48.587Z" },
]

[[package]]
name = "pyserial"
version = "3.5"
source = { registry = "https://pypi.org/simple" }
sdist = { url = "https://files.pythonhosted.org/packages/1e/7d/ae3f0a63f41e4d2f6cb66a5b57197850f919f59e558159a4dd3a818f5082/pyserial-3.5.tar.gz", hash = "sha256:3c77e014170dfffbd816e6ffc205e9842efb10be9f58ec16d3e8675b4925cddb", size = 159125, upload-time = "2020-11-23T03:59:15.045Z" }
wheels = [
    { url = "https://files.pythonhosted.org/packages/07/bc/587a445451b253b285629263eb51c2d8e9bcea4fc97826266d186f96f558/pyserial-3.5-py2.py3-none-any.whl", hash = "sha256:c4451db6ba391ca6ca299fb3ec7bae67a5c55dde170964c7a14ceefec02f2cf0", size = 90585, upload-time = "2020-11-23T03:59:13.41Z" },
]

[[package]]
name = "universal-master-rpi"
version = "0.1.0"
source = { virtual = "." }
dependencies = [
    { name = "gmqtt" },
    { name = "pymodbus" },
    { name = "pyserial" },
]

[package.metadata]
requires-dist = [
    { name = "gmqtt", specifier = ">=0.7.0" },
    { name = "pymodbus", specifier = ">=3.11.3" },
    { name = "pyserial", specifier = ">=3.5" },
]
